<?xml version="1.0" encoding="utf-8"?>
<Project ToolsVersion="4.0" xmlns="http://schemas.microsoft.com/developer/msbuild/2003">
  <ItemGroup>
    <ClCompile Include="Direct3D9ExWrapper.cpp">
      <Filter>Wrapper</Filter>
    </ClCompile>
    <ClCompile Include="Direct3D9ExProxyImpl.cpp">
      <Filter>ProxyImpl</Filter>
    </ClCompile>
    <ClCompile Include="Direct3DDevice9ExWrapper.cpp">
      <Filter>Wrapper</Filter>
    </ClCompile>
    <ClCompile Include="Direct3DDevice9ExProxyImpl.cpp">
      <Filter>ProxyImpl</Filter>
    </ClCompile>
    <ClCompile Include="D3D9DllHook.cpp" />
    <ClCompile Include="jsoncpp-0.y.z\jsoncpp.cpp">
      <Filter>jsoncpp-0.y.z</Filter>
    </ClCompile>
    <ClCompile Include="vr_system.cpp" />
    <ClCompile Include="hooks.cpp" />
    <ClCompile Include="vr_sourcevr.cpp" />
    <ClCompile Include="..\public\collisionutils.cpp" />
    <ClCompile Include="..\public\vgui_controls\vgui_controls.cpp" />
    <ClCompile Include="vr_hud_target_id.cpp" />
    <ClCompile Include="vr_loading_dialog_panel.cpp" />
  </ItemGroup>
  <ItemGroup>
    <ClInclude Include="Main.h" />
    <ClInclude Include="Direct3D9ExWrapper.h">
      <Filter>Wrapper</Filter>
    </ClInclude>
    <ClInclude Include="Direct3D9ExProxyImpl.h">
      <Filter>ProxyImpl</Filter>
    </ClInclude>
    <ClInclude Include="Direct3DDevice9ExWrapper.h">
      <Filter>Wrapper</Filter>
    </ClInclude>
    <ClInclude Include="Direct3DDevice9ExProxyImpl.h">
      <Filter>ProxyImpl</Filter>
    </ClInclude>
    <ClInclude Include="vr_system.h" />
    <ClInclude Include="hooks.h" />
    <ClInclude Include="offsets.h" />
    <ClInclude Include="sigscanner.h" />
    <ClInclude Include="vr_sourcevr.h" />
    <ClInclude Include="sdk.h" />
    <ClInclude Include="..\public\collisionutils.h" />
  </ItemGroup>
  <ItemGroup>
    <Filter Include="Wrapper">
      <UniqueIdentifier>{098f7155-0228-4306-8c76-b38e3157fafa}</UniqueIdentifier>
    </Filter>
    <Filter Include="ProxyImpl">
      <UniqueIdentifier>{2a2120c1-6bb1-49c9-9fcb-43672b191681}</UniqueIdentifier>
    </Filter>
    <Filter Include="jsoncpp-0.y.z">
      <UniqueIdentifier>{2e6cb2b1-2651-4cda-9155-6baf2b15bc3c}</UniqueIdentifier>
    </Filter>
    <Filter Include="Link Libraries">
      <UniqueIdentifier>{84c47618-fb35-4d45-824d-44e5e0c96f3e}</UniqueIdentifier>
    </Filter>
  </ItemGroup>
  <ItemGroup>
    <Library Include="..\lib\public\x64\mathlib.lib">
      <Filter>Link Libraries</Filter>
    </Library>
    <Library Include="..\lib\public\x64\openvr_api.lib">
      <Filter>Link Libraries</Filter>
    </Library>
    <Library Include="..\lib\public\x64\steam_api64.lib">
      <Filter>Link Libraries</Filter>
    </Library>
    <Library Include="..\lib\public\x64\tier0.lib">
      <Filter>Link Libraries</Filter>
    </Library>
    <Library Include="..\lib\public\x64\tier2.lib">
      <Filter>Link Libraries</Filter>
    </Library>
    <Library Include="..\lib\public\x64\tier3.lib">
      <Filter>Link Libraries</Filter>
    </Library>
    <Library Include="..\lib\public\x64\vstdlib.lib">
      <Filter>Link Libraries</Filter>
    </Library>
    <Library Include="..\lib\public\x64\libMinHook.x64.lib">
      <Filter>Link Libraries</Filter>
    </Library>
    <Library Include="..\lib\public\x64\tier1.lib">
      <Filter>Link Libraries</Filter>
    </Library>
    <Library Include="..\lib\public\x64\vgui_controls.lib">
      <Filter>Link Libraries</Filter>
    </Library>
  </ItemGroup>
</Project>